
Microsoft Visual Studio Solution File, Format Version 12.00
# Visual Studio Version 17
VisualStudioVersion = 17.13.35825.156 d17.13
MinimumVisualStudioVersion = 10.0.40219.1
Project("{FAE04EC0-301F-11D3-BF4B-00C04F79EFBC}") = "Atelier.Ef.Query", "Atelier.Ef.Query.csproj", "{E96E9E85-D4A1-8E52-9CB9-BFE6B2712253}"
EndProject
Global
	GlobalSection(SolutionConfigurationPlatforms) = preSolution
		Debug|Any CPU = Debug|Any CPU
		Release|Any CPU = Release|Any CPU
	EndGlobalSection
	GlobalSection(ProjectConfigurationPlatforms) = postSolution
		{E96E9E85-D4A1-8E52-9CB9-BFE6B2712253}.Debug|Any CPU.ActiveCfg = Debug|Any CPU
		{E96E9E85-D4A1-8E52-9CB9-BFE6B2712253}.Debug|Any CPU.Build.0 = Debug|Any CPU
		{E96E9E85-D4A1-8E52-9CB9-BFE6B2712253}.Release|Any CPU.ActiveCfg = Release|Any CPU
		{E96E9E85-D4A1-8E52-9CB9-BFE6B2712253}.Release|Any CPU.Build.0 = Release|Any CPU
	EndGlobalSection
	GlobalSection(SolutionProperties) = preSolution
		HideSolutionNode = FALSE
	EndGlobalSection
	GlobalSection(ExtensibilityGlobals) = postSolution
		SolutionGuid = {F3EAF7EF-E777-4E05-9445-2A584558E0C7}
	EndGlobalSection
EndGlobal
